{
  "name": "mountain-fortress",
  "version": "1.0.0",
  "lockfileVersion": 1,
  "requires": true,
  "dependencies": {
    "rollup": {
      "version": "0.53.1",
      "resolved": "https://registry.npmjs.org/rollup/-/rollup-0.53.1.tgz",
      "integrity": "sha512-qcWSVLZZE+Df8MiAUD1V+l53RggpYwXcH1vCglRVcQrVPbq5Hlccc4uou55Rx8auxa8GNp0sfTLMFR4W4ErEwA=="
    }
  }
}
